
Microsoft Visual Studio Solution File, Format Version 12.00
# Visual Studio Version 16
VisualStudioVersion = 16.0.31727.386
MinimumVisualStudioVersion = 10.0.40219.1
Project("{9A19103F-16F7-4668-BE54-9A1E7A4F7556}") = "DataAccess", "DataAccess\DataAccess.csproj", "{02EBC1D1-2E7C-47E7-8812-6615C9BB8F97}"
EndProject
Project("{9A19103F-16F7-4668-BE54-9A1E7A4F7556}") = "Business", "Business\Business.csproj", "{FDABDD29-3C03-41EA-9EC4-ACCECB796EE1}"
EndProject
Project("{9A19103F-16F7-4668-BE54-9A1E7A4F7556}") = "Entities", "Entities\Entities.csproj", "{20E2FC1F-C016-4158-B54B-E018F8B377FB}"
EndProject
Project("{9A19103F-16F7-4668-BE54-9A1E7A4F7556}") = "ConsoleUI", "ConsoleUI\ConsoleUI.csproj", "{DF6598E9-1768-40B1-BFA1-0759051CCD70}"
EndProject
Global
	GlobalSection(SolutionConfigurationPlatforms) = preSolution
		Debug|Any CPU = Debug|Any CPU
		Release|Any CPU = Release|Any CPU
	EndGlobalSection
	GlobalSection(ProjectConfigurationPlatforms) = postSolution
		{02EBC1D1-2E7C-47E7-8812-6615C9BB8F97}.Debug|Any CPU.ActiveCfg = Debug|Any CPU
		{02EBC1D1-2E7C-47E7-8812-6615C9BB8F97}.Debug|Any CPU.Build.0 = Debug|Any CPU
		{02EBC1D1-2E7C-47E7-8812-6615C9BB8F97}.Release|Any CPU.ActiveCfg = Release|Any CPU
		{02EBC1D1-2E7C-47E7-8812-6615C9BB8F97}.Release|Any CPU.Build.0 = Release|Any CPU
		{FDABDD29-3C03-41EA-9EC4-ACCECB796EE1}.Debug|Any CPU.ActiveCfg = Debug|Any CPU
		{FDABDD29-3C03-41EA-9EC4-ACCECB796EE1}.Debug|Any CPU.Build.0 = Debug|Any CPU
		{FDABDD29-3C03-41EA-9EC4-ACCECB796EE1}.Release|Any CPU.ActiveCfg = Release|Any CPU
		{FDABDD29-3C03-41EA-9EC4-ACCECB796EE1}.Release|Any CPU.Build.0 = Release|Any CPU
		{20E2FC1F-C016-4158-B54B-E018F8B377FB}.Debug|Any CPU.ActiveCfg = Debug|Any CPU
		{20E2FC1F-C016-4158-B54B-E018F8B377FB}.Debug|Any CPU.Build.0 = Debug|Any CPU
		{20E2FC1F-C016-4158-B54B-E018F8B377FB}.Release|Any CPU.ActiveCfg = Release|Any CPU
		{20E2FC1F-C016-4158-B54B-E018F8B377FB}.Release|Any CPU.Build.0 = Release|Any CPU
		{DF6598E9-1768-40B1-BFA1-0759051CCD70}.Debug|Any CPU.ActiveCfg = Debug|Any CPU
		{DF6598E9-1768-40B1-BFA1-0759051CCD70}.Debug|Any CPU.Build.0 = Debug|Any CPU
		{DF6598E9-1768-40B1-BFA1-0759051CCD70}.Release|Any CPU.ActiveCfg = Release|Any CPU
		{DF6598E9-1768-40B1-BFA1-0759051CCD70}.Release|Any CPU.Build.0 = Release|Any CPU
	EndGlobalSection
	GlobalSection(SolutionProperties) = preSolution
		HideSolutionNode = FALSE
	EndGlobalSection
	GlobalSection(ExtensibilityGlobals) = postSolution
		SolutionGuid = {CB3F38A4-632F-4032-A2C2-DCE1E01DCB8A}
	EndGlobalSection
EndGlobal
